{
  "name": "naeil-ai-championship-2026",
  "version": "1.0.0",
  "lockfileVersion": 3,
  "requires": true,
  "packages": {
    "": {
      "name": "naeil-ai-championship-2026",
      "version": "1.0.0",
      "dependencies": {
        "pretendard": "1.3.9"
      },
      "engines": {
        "node": ">=22"
      }
    },
    "node_modules/pretendard": {
      "version": "1.3.9",
      "resolved": "https://registry.npmjs.org/pretendard/-/pretendard-1.3.9.tgz",
      "integrity": "sha512-PaQAADyLY5v4kYFwkpSJHbSSYIkiriY/1xXw75TKoZ9UQQqeU+tvP05yTdZAWibiIYoo8ZKtRv8PM7w0IaywSw==",
      "license": "OFL-1.1"
    }
  }
}
